<Solution>
  <Folder Name="/src/">
    <Project Path="src/LumiMakeup.Api/LumiMakeup.Api.csproj" />
    <Project Path="src/LumiMakeup.Aplicacao/LumiMakeup.Aplicacao.csproj" />
    <Project Path="src/LumiMakeup.Dominio/LumiMakeup.Dominio.csproj" />
    <Project Path="src/LumiMakeup.Infraestrutura/LumiMakeup.Infraestrutura.csproj" />
  </Folder>
</Solution>
